PODS:
  - Flutter (1.0.0)
  - print_bluetooth_thermal (0.0.1):
    - Flutter

DEPENDENCIES:
  - Flutter (from `Flutter`)
  - print_bluetooth_thermal (from `.symlinks/plugins/print_bluetooth_thermal/ios`)

EXTERNAL SOURCES:
  Flutter:
    :path: Flutter
  print_bluetooth_thermal:
    :path: ".symlinks/plugins/print_bluetooth_thermal/ios"

SPEC CHECKSUMS:
  Flutter: cabc95a1d2626b1b06e7179b784ebcf0c0cde467
  print_bluetooth_thermal: 107a8766575107295e9d343a7389c78a1cb9dc63

PODFILE CHECKSUM: 3c63482e143d1b91d2d2560aee9fb04ecc74ac7e

COCOAPODS: 1.16.2
